{
  "version": "5",
  "specifiers": {
    "jsr:@std/assert@1": "1.0.19",
    "jsr:@std/internal@^1.0.12": "1.0.14",
    "npm:kuromojin@3.0.0": "3.0.0"
  },
  "jsr": {
    "@std/assert@1.0.19": {
      "integrity": "eaada96ee120cb980bc47e040f82814d786fe8162ecc53c91d8df60b8755991e",
      "dependencies": [
        "jsr:@std/internal"
      ]
    },
    "@std/internal@1.0.14": {
      "integrity": "291516b3d4c35024d6ffbc0a9df5bf4c64116e05b50012cf846710152d2ffdf7"
    }
  },
  "npm": {
    "async@2.6.4": {
      "integrity": "sha512-mzo5dfJYwAn29PeiJ0zvwTo04zj8HDJj0Mn8TD7sno7q12prdbnasKJHhkm2c1LgrhlJ0teaea8860oxi51mGA==",
      "dependencies": [
        "lodash"
      ]
    },
    "doublearray@0.0.2": {
      "integrity": "sha512-aw55FtZzT6AmiamEj2kvmR6BuFqvYgKZUkfQ7teqVRNqD5UE0rw8IeW/3gieHNKQ5sPuDKlljWEn4bzv5+1bHw=="
    },
    "kuromoji@0.1.2": {
      "integrity": "sha512-V0dUf+C2LpcPEXhoHLMAop/bOht16Dyr+mDiIE39yX3vqau7p80De/koFqpiTcL1zzdZlc3xuHZ8u5gjYRfFaQ==",
      "dependencies": [
        "async",
        "doublearray",
        "zlibjs"
      ]
    },
    "kuromojin@3.0.0": {
      "integrity": "sha512-3h3qnn/NVVhqoKFP4oc7e6apO2B01Atc056oiVlIY7Uoup4rhrnBe28g3y9lK1HTmLDQEejvXB+3I3qxAneF7A==",
      "dependencies": [
        "kuromoji",
        "lru_map"
      ]
    },
    "lodash@4.18.1": {
      "integrity": "sha512-dMInicTPVE8d1e5otfwmmjlxkZoUpiVLwyeTdUsi/Caj/gfzzblBcCE5sRHV/AsjuCmxWrte2TNGSYuCeCq+0Q=="
    },
    "lru_map@0.4.1": {
      "integrity": "sha512-I+lBvqMMFfqaV8CJCISjI3wbjmwVu/VyOoU7+qtu9d7ioW5klMgsTTiUOUp+DJvfTTzKXoPbyC6YfgkNcyPSOg=="
    },
    "zlibjs@0.3.1": {
      "integrity": "sha512-+J9RrgTKOmlxFSDHo0pI1xM6BLVUv+o0ZT9ANtCxGkjIVCCUdx9alUF8Gm+dGLKbkkkidWIHFDZHDMpfITt4+w=="
    }
  },
  "workspace": {
    "dependencies": [
      "jsr:@std/assert@1",
      "npm:kuromojin@3.0.0"
    ]
  }
}
